
Microsoft Visual Studio Solution File, Format Version 12.00
# Visual Studio Version 17
VisualStudioVersion = 17.9.34723.18
MinimumVisualStudioVersion = 10.0.40219.1
Project("{9A19103F-16F7-4668-BE54-9A1E7A4F7556}") = "Api", "Api\Api.csproj", "{6563C088-F353-4AF6-833D-8B804EB7F32A}"
EndProject
Project("{9A19103F-16F7-4668-BE54-9A1E7A4F7556}") = "Shared", "Shared\Shared.csproj", "{C46B9408-FAA6-4FD9-9EAC-0B989546E1C1}"
EndProject
Project("{9A19103F-16F7-4668-BE54-9A1E7A4F7556}") = "Data", "Data\Data.csproj", "{8BFAA504-F5C2-4C58-9A06-8D57E943A4C7}"
EndProject
Project("{9A19103F-16F7-4668-BE54-9A1E7A4F7556}") = "EventHub", "EventHub\EventHub.csproj", "{8EA7472B-CC6E-4401-A14B-4A14246AFDE7}"
EndProject
Project("{9A19103F-16F7-4668-BE54-9A1E7A4F7556}") = "EventHubOrganiser", "EventHubOrganiser\EventHubOrganiser.csproj", "{CC917BDA-6175-41BA-9498-778ECB935F69}"
EndProject
Global
	GlobalSection(SolutionConfigurationPlatforms) = preSolution
		Debug|Any CPU = Debug|Any CPU
		Release|Any CPU = Release|Any CPU
	EndGlobalSection
	GlobalSection(ProjectConfigurationPlatforms) = postSolution
		{6563C088-F353-4AF6-833D-8B804EB7F32A}.Debug|Any CPU.ActiveCfg = Debug|Any CPU
		{6563C088-F353-4AF6-833D-8B804EB7F32A}.Debug|Any CPU.Build.0 = Debug|Any CPU
		{6563C088-F353-4AF6-833D-8B804EB7F32A}.Release|Any CPU.ActiveCfg = Release|Any CPU
		{6563C088-F353-4AF6-833D-8B804EB7F32A}.Release|Any CPU.Build.0 = Release|Any CPU
		{C46B9408-FAA6-4FD9-9EAC-0B989546E1C1}.Debug|Any CPU.ActiveCfg = Debug|Any CPU
		{C46B9408-FAA6-4FD9-9EAC-0B989546E1C1}.Debug|Any CPU.Build.0 = Debug|Any CPU
		{C46B9408-FAA6-4FD9-9EAC-0B989546E1C1}.Release|Any CPU.ActiveCfg = Release|Any CPU
		{C46B9408-FAA6-4FD9-9EAC-0B989546E1C1}.Release|Any CPU.Build.0 = Release|Any CPU
		{8BFAA504-F5C2-4C58-9A06-8D57E943A4C7}.Debug|Any CPU.ActiveCfg = Debug|Any CPU
		{8BFAA504-F5C2-4C58-9A06-8D57E943A4C7}.Debug|Any CPU.Build.0 = Debug|Any CPU
		{8BFAA504-F5C2-4C58-9A06-8D57E943A4C7}.Release|Any CPU.ActiveCfg = Release|Any CPU
		{8BFAA504-F5C2-4C58-9A06-8D57E943A4C7}.Release|Any CPU.Build.0 = Release|Any CPU
		{8EA7472B-CC6E-4401-A14B-4A14246AFDE7}.Debug|Any CPU.ActiveCfg = Debug|Any CPU
		{8EA7472B-CC6E-4401-A14B-4A14246AFDE7}.Debug|Any CPU.Build.0 = Debug|Any CPU
		{8EA7472B-CC6E-4401-A14B-4A14246AFDE7}.Debug|Any CPU.Deploy.0 = Debug|Any CPU
		{8EA7472B-CC6E-4401-A14B-4A14246AFDE7}.Release|Any CPU.ActiveCfg = Release|Any CPU
		{8EA7472B-CC6E-4401-A14B-4A14246AFDE7}.Release|Any CPU.Build.0 = Release|Any CPU
		{8EA7472B-CC6E-4401-A14B-4A14246AFDE7}.Release|Any CPU.Deploy.0 = Release|Any CPU
		{CC917BDA-6175-41BA-9498-778ECB935F69}.Debug|Any CPU.ActiveCfg = Debug|Any CPU
		{CC917BDA-6175-41BA-9498-778ECB935F69}.Debug|Any CPU.Build.0 = Debug|Any CPU
		{CC917BDA-6175-41BA-9498-778ECB935F69}.Release|Any CPU.ActiveCfg = Release|Any CPU
		{CC917BDA-6175-41BA-9498-778ECB935F69}.Release|Any CPU.Build.0 = Release|Any CPU
	EndGlobalSection
	GlobalSection(SolutionProperties) = preSolution
		HideSolutionNode = FALSE
	EndGlobalSection
	GlobalSection(ExtensibilityGlobals) = postSolution
		SolutionGuid = {7933A39B-F453-4CCD-97D2-7AF7CC7C9678}
	EndGlobalSection
EndGlobal
